{
  "name": "dilg-system",
  "lockfileVersion": 3,
  "requires": true,
  "packages": {
    "": {
      "dependencies": {
        "@fontsource/metropolis": "^5.3.0"
      }
    },
    "node_modules/@fontsource/metropolis": {
      "version": "5.3.0",
      "resolved": "https://registry.npmjs.org/@fontsource/metropolis/-/metropolis-5.3.0.tgz",
      "integrity": "sha512-s1KD3SoZdxBgzIKRYGDeIUToIkIHCuIP/t5NUIKh0z1LHU3VqrdLCGxQpNTndI4WuqD1ID+03VfzaTXcDC3MFg==",
      "license": "Unlicense",
      "funding": {
        "url": "https://github.com/sponsors/ayuhito"
      }
    }
  }
}
